<?xml version="1.0" encoding="utf-8"?>
<Project ToolsVersion="4.0" xmlns="http://schemas.microsoft.com/developer/msbuild/2003">
  <ItemGroup>
    <ClCompile Include="assimp.cpp" />
    <ClCompile Include="buffer.cpp" />
    <ClCompile Include="encoding.cpp" />
    <ClCompile Include="device.cpp" />
    <ClCompile Include="d3d11.cpp" />
    <ClCompile Include="common.cpp" />
    <ClCompile Include="shader.cpp" />
    <ClCompile Include="state.cpp" />
    <ClCompile Include="texture.cpp" />
    <ClCompile Include="WICTextureLoader\WICTextureLoader.cpp" />
    <ClCompile Include="win.cpp" />
  </ItemGroup>
  <ItemGroup>
    <ClInclude Include="encoding.h" />
    <ClInclude Include="include\cbs\d3d11\assimp.h" />
    <ClInclude Include="include\cbs\d3d11\autoutil.h" />
    <ClInclude Include="include\cbs\d3d11\buffer.h" />
    <ClInclude Include="include\cbs\d3d11\device.h" />
    <ClInclude Include="include\cbs\d3d11.h" />
    <ClInclude Include="include\cbs\d3d11\common.h" />
    <ClInclude Include="include\cbs\d3d11\shader.h" />
    <ClInclude Include="include\cbs\d3d11\state.h" />
    <ClInclude Include="include\cbs\d3d11\texture.h" />
    <ClInclude Include="WICTextureLoader\WICTextureLoader.h" />
    <ClInclude Include="include\cbs\d3d11\win.h" />
  </ItemGroup>
</Project>