<?xml version="1.0" encoding="utf-8"?>
<Project ToolsVersion="4.0" xmlns="http://schemas.microsoft.com/developer/msbuild/2003">
  <ItemGroup>
    <ClCompile Include="assimp.cpp">
      <Filter>3d</Filter>
    </ClCompile>
    <ClCompile Include="buffer.cpp">
      <Filter>3d</Filter>
    </ClCompile>
    <ClCompile Include="common.cpp">
      <Filter>3d</Filter>
    </ClCompile>
    <ClCompile Include="d3d11.cpp">
      <Filter>3d</Filter>
    </ClCompile>
    <ClCompile Include="device.cpp">
      <Filter>3d</Filter>
    </ClCompile>
    <ClCompile Include="encoding.cpp">
      <Filter>3d</Filter>
    </ClCompile>
    <ClCompile Include="shader.cpp">
      <Filter>3d</Filter>
    </ClCompile>
    <ClCompile Include="state.cpp">
      <Filter>3d</Filter>
    </ClCompile>
    <ClCompile Include="texture.cpp">
      <Filter>3d</Filter>
    </ClCompile>
    <ClCompile Include="win.cpp">
      <Filter>3d</Filter>
    </ClCompile>
    <ClCompile Include="deltams.cpp">
      <Filter>util</Filter>
    </ClCompile>
    <ClCompile Include="WICTextureLoader\WICTextureLoader.cpp">
      <Filter>WIC 텍스처 로더</Filter>
    </ClCompile>
  </ItemGroup>
  <ItemGroup>
    <ClInclude Include="include\cbs\d3d11\win.h">
      <Filter>3d</Filter>
    </ClInclude>
    <ClInclude Include="include\cbs\d3d11\assimp.h">
      <Filter>3d</Filter>
    </ClInclude>
    <ClInclude Include="include\cbs\d3d11\buffer.h">
      <Filter>3d</Filter>
    </ClInclude>
    <ClInclude Include="include\cbs\d3d11\common.h">
      <Filter>3d</Filter>
    </ClInclude>
    <ClInclude Include="include\cbs\d3d11.h">
      <Filter>3d</Filter>
    </ClInclude>
    <ClInclude Include="include\cbs\d3d11\device.h">
      <Filter>3d</Filter>
    </ClInclude>
    <ClInclude Include="encoding.h">
      <Filter>3d</Filter>
    </ClInclude>
    <ClInclude Include="include\cbs\d3d11\shader.h">
      <Filter>3d</Filter>
    </ClInclude>
    <ClInclude Include="include\cbs\d3d11\state.h">
      <Filter>3d</Filter>
    </ClInclude>
    <ClInclude Include="include\cbs\d3d11\texture.h">
      <Filter>3d</Filter>
    </ClInclude>
    <ClInclude Include="include\cbs\deltams.h">
      <Filter>util</Filter>
    </ClInclude>
    <ClInclude Include="WICTextureLoader\WICTextureLoader.h">
      <Filter>WIC 텍스처 로더</Filter>
    </ClInclude>
    <ClInclude Include="include\cbs\autoutil.h">
      <Filter>util</Filter>
    </ClInclude>
    <ClInclude Include="include\cbs\alignedarray.h" />
  </ItemGroup>
  <ItemGroup>
    <Filter Include="3d">
      <UniqueIdentifier>{50d4696d-5fb9-44a1-a61d-934b94d5b4c1}</UniqueIdentifier>
    </Filter>
    <Filter Include="util">
      <UniqueIdentifier>{bd2802e1-01e3-465d-af46-113a9ece95f0}</UniqueIdentifier>
    </Filter>
    <Filter Include="WIC 텍스처 로더">
      <UniqueIdentifier>{42bfe08e-f084-4002-a295-7989c6b32c2d}</UniqueIdentifier>
    </Filter>
  </ItemGroup>
</Project>