<?xml version="1.0" encoding="utf-8"?>
<Project ToolsVersion="4.0" xmlns="http://schemas.microsoft.com/developer/msbuild/2003">
  <ItemGroup>
    <Filter Include="WIC 텍스처 로더">
      <UniqueIdentifier>{5d3f7b15-33bd-4fe6-a78c-02b0baf0e371}</UniqueIdentifier>
    </Filter>
    <Filter Include="3d">
      <UniqueIdentifier>{2387a0e9-2f45-481c-98b6-4d8d72cdb287}</UniqueIdentifier>
    </Filter>
    <Filter Include="util">
      <UniqueIdentifier>{cfb0ff80-e781-446d-a018-3021af1815ae}</UniqueIdentifier>
    </Filter>
  </ItemGroup>
  <ItemGroup>
    <ClInclude Include="WICTextureLoader\WICTextureLoader.h">
      <Filter>WIC 텍스처 로더</Filter>
    </ClInclude>
    <ClInclude Include="include\cbs\d3d11\assimp.h">
      <Filter>3d</Filter>
    </ClInclude>
    <ClInclude Include="include\cbs\d3d11\buffer.h">
      <Filter>3d</Filter>
    </ClInclude>
    <ClInclude Include="include\cbs\d3d11\common.h">
      <Filter>3d</Filter>
    </ClInclude>
    <ClInclude Include="include\cbs\d3d11.h">
      <Filter>3d</Filter>
    </ClInclude>
    <ClInclude Include="include\cbs\d3d11\device.h">
      <Filter>3d</Filter>
    </ClInclude>
    <ClInclude Include="include\cbs\d3d11\shader.h">
      <Filter>3d</Filter>
    </ClInclude>
    <ClInclude Include="include\cbs\d3d11\state.h">
      <Filter>3d</Filter>
    </ClInclude>
    <ClInclude Include="include\cbs\d3d11\texture.h">
      <Filter>3d</Filter>
    </ClInclude>
    <ClInclude Include="include\cbs\deltams.h">
      <Filter>util</Filter>
    </ClInclude>
    <ClInclude Include="include\cbs\autoutil.h">
      <Filter>util</Filter>
    </ClInclude>
    <ClInclude Include="include\cbs\alignedarray.h">
      <Filter>util</Filter>
    </ClInclude>
    <ClInclude Include="include\cbs\dllconfig.h">
      <Filter>util</Filter>
    </ClInclude>
    <ClInclude Include="include\cbs\d3d11\vertexlayout.h">
      <Filter>3d</Filter>
    </ClInclude>
    <ClInclude Include="include\cbs\datalist.h">
      <Filter>util</Filter>
    </ClInclude>
    <ClInclude Include="include\cbs\indexmaker.h">
      <Filter>util</Filter>
    </ClInclude>
    <ClInclude Include="include\cbs\encoding.h" />
    <ClInclude Include="include\cbs\win.h">
      <Filter>util</Filter>
    </ClInclude>
  </ItemGroup>
  <ItemGroup>
    <ClCompile Include="WICTextureLoader\WICTextureLoader.cpp">
      <Filter>WIC 텍스처 로더</Filter>
    </ClCompile>
    <ClCompile Include="assimp.cpp">
      <Filter>3d</Filter>
    </ClCompile>
    <ClCompile Include="device.cpp">
      <Filter>3d</Filter>
    </ClCompile>
    <ClCompile Include="state.cpp">
      <Filter>3d</Filter>
    </ClCompile>
    <ClCompile Include="texture.cpp">
      <Filter>3d</Filter>
    </ClCompile>
    <ClCompile Include="win.cpp">
      <Filter>3d</Filter>
    </ClCompile>
  </ItemGroup>
</Project>