<?xml version="1.0" encoding="utf-8"?>
<Project ToolsVersion="4.0" xmlns="http://schemas.microsoft.com/developer/msbuild/2003">
  <ItemGroup>
    <ClCompile Include="main.cpp" />
    <ClCompile Include="mymain.cpp" />
    <ClCompile Include="붕어빵.cpp" />
  </ItemGroup>
  <ItemGroup>
    <ClInclude Include="main.h" />
    <ClInclude Include="mymain.h" />
  </ItemGroup>
  <ItemGroup>
    <CustomBuild Include="ps_basic.hlsl">
      <Filter>셰이더</Filter>
    </CustomBuild>
    <CustomBuild Include="ps_notexture.hlsl">
      <Filter>셰이더</Filter>
    </CustomBuild>
    <CustomBuild Include="vs_basic.hlsl">
      <Filter>셰이더</Filter>
    </CustomBuild>
    <CustomBuild Include="vs_skinned.hlsl">
      <Filter>셰이더</Filter>
    </CustomBuild>
  </ItemGroup>
  <ItemGroup>
    <None Include="vs_common.hlsli">
      <Filter>셰이더</Filter>
    </None>
    <None Include="shader_common.hlsli">
      <Filter>셰이더</Filter>
    </None>
  </ItemGroup>
  <ItemGroup>
    <Filter Include="셰이더">
      <UniqueIdentifier>{9b17577b-bea5-491d-8521-4f2493ab10d0}</UniqueIdentifier>
    </Filter>
  </ItemGroup>
</Project>